
Microsoft Visual Studio Solution File, Format Version 12.00
# Visual Studio Version 17
VisualStudioVersion = 17.11.35327.3
MinimumVisualStudioVersion = 10.0.40219.1
Project("{FAE04EC0-301F-11D3-BF4B-00C04F79EFBC}") = "Lab1_VoThienVu_CSE422", "Lab1_VoThienVu_CSE422.csproj", "{C858127F-C560-44BA-9378-FF4A2A26B402}"
EndProject
Global
	GlobalSection(SolutionConfigurationPlatforms) = preSolution
		Debug|Any CPU = Debug|Any CPU
		Release|Any CPU = Release|Any CPU
	EndGlobalSection
	GlobalSection(ProjectConfigurationPlatforms) = postSolution
		{C858127F-C560-44BA-9378-FF4A2A26B402}.Debug|Any CPU.ActiveCfg = Debug|Any CPU
		{C858127F-C560-44BA-9378-FF4A2A26B402}.Debug|Any CPU.Build.0 = Debug|Any CPU
		{C858127F-C560-44BA-9378-FF4A2A26B402}.Release|Any CPU.ActiveCfg = Release|Any CPU
		{C858127F-C560-44BA-9378-FF4A2A26B402}.Release|Any CPU.Build.0 = Release|Any CPU
	EndGlobalSection
	GlobalSection(SolutionProperties) = preSolution
		HideSolutionNode = FALSE
	EndGlobalSection
	GlobalSection(ExtensibilityGlobals) = postSolution
		SolutionGuid = {1B6C0DFE-C647-4628-848E-59D2F359B10C}
	EndGlobalSection
EndGlobal
